// !$*UTF8*$!
{
	archiveVersion = 1;
	classes = {
	};
	objectVersion = 50;
	objects = {

/* Begin PBXBuildFile section */
		CF57438524F2585000D6CF6C /* LectureHeader.swift in Sources */ = {isa = PBXBuildFile; fileRef = CF57438424F2585000D6CF6C /* LectureHeader.swift */; };
		CF6E824124EA0C92001B6301 /* LectureRow.swift in Sources */ = {isa = PBXBuildFile; fileRef = CF6E824024EA0C92001B6301 /* LectureRow.swift */; };
		CF6E824424EA0F20001B6301 /* Lecture.swift in Sources */ = {isa = PBXBuildFile; fileRef = CF6E824324EA0F20001B6301 /* Lecture.swift */; };
		CFDDB1EB24EA2BD500EA27E7 /* LectureListViewModel.swift in Sources */ = {isa = PBXBuildFile; fileRef = CFDDB1EA24EA2BD500EA27E7 /* LectureListViewModel.swift */; };
		CFE4BD3D24EA1F78003762FF /* LectureListView.swift in Sources */ = {isa = PBXBuildFile; fileRef = CFE4BD3C24EA1F78003762FF /* LectureListView.swift */; };
		CFF8AE1A24E8F94900677260 /* AppDelegate.swift in Sources */ = {isa = PBXBuildFile; fileRef = CFF8AE1924E8F94900677260 /* AppDelegate.swift */; };
		CFF8AE1C24E8F94900677260 /* SceneDelegate.swift in Sources */ = {isa = PBXBuildFile; fileRef = CFF8AE1B24E8F94900677260 /* SceneDelegate.swift */; };
		CFF8AE2024E8F94A00677260 /* Assets.xcassets in Resources */ = {isa = PBXBuildFile; fileRef = CFF8AE1F24E8F94A00677260 /* Assets.xcassets */; };
		CFF8AE2324E8F94A00677260 /* Preview Assets.xcassets in Resources */ = {isa = PBXBuildFile; fileRef = CFF8AE2224E8F94A00677260 /* Preview Assets.xcassets */; };
		CFF8AE2624E8F94A00677260 /* LaunchScreen.storyboard in Resources */ = {isa = PBXBuildFile; fileRef = CFF8AE2424E8F94A00677260 /* LaunchScreen.storyboard */; };
/* End PBXBuildFile section */

/* Begin PBXFileReference section */
		CF57438424F2585000D6CF6C /* LectureHeader.swift */ = {isa = PBXFileReference; lastKnownFileType = sourcecode.swift; path = LectureHeader.swift; sourceTree = "<group>"; };
		CF6E824024EA0C92001B6301 /* LectureRow.swift */ = {isa = PBXFileReference; lastKnownFileType = sourcecode.swift; path = LectureRow.swift; sourceTree = "<group>"; };
		CF6E824324EA0F20001B6301 /* Lecture.swift */ = {isa = PBXFileReference; lastKnownFileType = sourcecode.swift; path = Lecture.swift; sourceTree = "<group>"; };
		CFDDB1EA24EA2BD500EA27E7 /* LectureListViewModel.swift */ = {isa = PBXFileReference; lastKnownFileType = sourcecode.swift; path = LectureListViewModel.swift; sourceTree = "<group>"; };
		CFE4BD3C24EA1F78003762FF /* LectureListView.swift */ = {isa = PBXFileReference; lastKnownFileType = sourcecode.swift; path = LectureListView.swift; sourceTree = "<group>"; };
		CFF8AE1624E8F94900677260 /* TitechAppLite.app */ = {isa = PBXFileReference; explicitFileType = wrapper.application; includeInIndex = 0; path = TitechAppLite.app; sourceTree = BUILT_PRODUCTS_DIR; };
		CFF8AE1924E8F94900677260 /* AppDelegate.swift */ = {isa = PBXFileReference; lastKnownFileType = sourcecode.swift; path = AppDelegate.swift; sourceTree = "<group>"; };
		CFF8AE1B24E8F94900677260 /* SceneDelegate.swift */ = {isa = PBXFileReference; lastKnownFileType = sourcecode.swift; path = SceneDelegate.swift; sourceTree = "<group>"; };
		CFF8AE1F24E8F94A00677260 /* Assets.xcassets */ = {isa = PBXFileReference; lastKnownFileType = folder.assetcatalog; path = Assets.xcassets; sourceTree = "<group>"; };
		CFF8AE2224E8F94A00677260 /* Preview Assets.xcassets */ = {isa = PBXFileReference; lastKnownFileType = folder.assetcatalog; path = "Preview Assets.xcassets"; sourceTree = "<group>"; };
		CFF8AE2524E8F94A00677260 /* Base */ = {isa = PBXFileReference; lastKnownFileType = file.storyboard; name = Base; path = Base.lproj/LaunchScreen.storyboard; sourceTree = "<group>"; };
		CFF8AE2724E8F94A00677260 /* Info.plist */ = {isa = PBXFileReference; lastKnownFileType = text.plist.xml; path = Info.plist; sourceTree = "<group>"; };
/* End PBXFileReference section */

/* Begin PBXFrameworksBuildPhase section */
		CFF8AE1324E8F94900677260 /* Frameworks */ = {
			isa = PBXFrameworksBuildPhase;
			buildActionMask = 2147483647;
			files = (
			);
			runOnlyForDeploymentPostprocessing = 0;
		};
/* End PBXFrameworksBuildPhase section */

/* Begin PBXGroup section */
		CF6E823F24EA0C73001B6301 /* View */ = {
			isa = PBXGroup;
			children = (
				CF6E824024EA0C92001B6301 /* LectureRow.swift */,
				CFE4BD3C24EA1F78003762FF /* LectureListView.swift */,
				CF57438424F2585000D6CF6C /* LectureHeader.swift */,
			);
			path = View;
			sourceTree = "<group>";
		};
		CF6E824224EA0F0A001B6301 /* Model */ = {
			isa = PBXGroup;
			children = (
				CF6E824324EA0F20001B6301 /* Lecture.swift */,
			);
			path = Model;
			sourceTree = "<group>";
		};
		CFDDB1E724EA2B2000EA27E7 /* ViewModel */ = {
			isa = PBXGroup;
			children = (
				CFDDB1EA24EA2BD500EA27E7 /* LectureListViewModel.swift */,
			);
			path = ViewModel;
			sourceTree = "<group>";
		};
		CFF8AE0D24E8F94900677260 = {
			isa = PBXGroup;
			children = (
				CFF8AE1824E8F94900677260 /* TitechAppLite */,
				CFF8AE1724E8F94900677260 /* Products */,
			);
			sourceTree = "<group>";
		};
		CFF8AE1724E8F94900677260 /* Products */ = {
			isa = PBXGroup;
			children = (
				CFF8AE1624E8F94900677260 /* TitechAppLite.app */,
			);
			name = Products;
			sourceTree = "<group>";
		};
		CFF8AE1824E8F94900677260 /* TitechAppLite */ = {
			isa = PBXGroup;
			children = (
				CFDDB1E724EA2B2000EA27E7 /* ViewModel */,
				CF6E824224EA0F0A001B6301 /* Model */,
				CF6E823F24EA0C73001B6301 /* View */,
				CFF8AE1924E8F94900677260 /* AppDelegate.swift */,
				CFF8AE1B24E8F94900677260 /* SceneDelegate.swift */,
				CFF8AE1F24E8F94A00677260 /* Assets.xcassets */,
				CFF8AE2424E8F94A00677260 /* LaunchScreen.storyboard */,
				CFF8AE2724E8F94A00677260 /* Info.plist */,
				CFF8AE2124E8F94A00677260 /* Preview Content */,
			);
			path = TitechAppLite;
			sourceTree = "<group>";
		};
		CFF8AE2124E8F94A00677260 /* Preview Content */ = {
			isa = PBXGroup;
			children = (
				CFF8AE2224E8F94A00677260 /* Preview Assets.xcassets */,
			);
			path = "Preview Content";
			sourceTree = "<group>";
		};
/* End PBXGroup section */

/* Begin PBXNativeTarget section */
		CFF8AE1524E8F94900677260 /* TitechAppLite */ = {
			isa = PBXNativeTarget;
			buildConfigurationList = CFF8AE2A24E8F94A00677260 /* Build configuration list for PBXNativeTarget "TitechAppLite" */;
			buildPhases = (
				CFF8AE1224E8F94900677260 /* Sources */,
				CFF8AE1324E8F94900677260 /* Frameworks */,
				CFF8AE1424E8F94900677260 /* Resources */,
			);
			buildRules = (
			);
			dependencies = (
			);
			name = TitechAppLite;
			productName = TitechAppLite;
			productReference = CFF8AE1624E8F94900677260 /* TitechAppLite.app */;
			productType = "com.apple.product-type.application";
		};
/* End PBXNativeTarget section */

/* Begin PBXProject section */
		CFF8AE0E24E8F94900677260 /* Project object */ = {
			isa = PBXProject;
			attributes = {
				LastSwiftUpdateCheck = 1150;
				LastUpgradeCheck = 1150;
				ORGANIZATIONNAME = "hoshiro ando";
				TargetAttributes = {
					CFF8AE1524E8F94900677260 = {
						CreatedOnToolsVersion = 11.5;
					};
				};
			};
			buildConfigurationList = CFF8AE1124E8F94900677260 /* Build configuration list for PBXProject "TitechAppLite" */;
			compatibilityVersion = "Xcode 9.3";
			developmentRegion = en;
			hasScannedForEncodings = 0;
			knownRegions = (
				en,
				Base,
			);
			mainGroup = CFF8AE0D24E8F94900677260;
			productRefGroup = CFF8AE1724E8F94900677260 /* Products */;
			projectDirPath = "";
			projectRoot = "";
			targets = (
				CFF8AE1524E8F94900677260 /* TitechAppLite */,
			);
		};
/* End PBXProject section */

/* Begin PBXResourcesBuildPhase section */
		CFF8AE1424E8F94900677260 /* Resources */ = {
			isa = PBXResourcesBuildPhase;
			buildActionMask = 2147483647;
			files = (
				CFF8AE2624E8F94A00677260 /* LaunchScreen.storyboard in Resources */,
				CFF8AE2324E8F94A00677260 /* Preview Assets.xcassets in Resources */,
				CFF8AE2024E8F94A00677260 /* Assets.xcassets in Resources */,
			);
			runOnlyForDeploymentPostprocessing = 0;
		};
/* End PBXResourcesBuildPhase section */

/* Begin PBXSourcesBuildPhase section */
		CFF8AE1224E8F94900677260 /* Sources */ = {
			isa = PBXSourcesBuildPhase;
			buildActionMask = 2147483647;
			files = (
				CFF8AE1A24E8F94900677260 /* AppDelegate.swift in Sources */,
				CF57438524F2585000D6CF6C /* LectureHeader.swift in Sources */,
				CFF8AE1C24E8F94900677260 /* SceneDelegate.swift in Sources */,
				CF6E824424EA0F20001B6301 /* Lecture.swift in Sources */,
				CFDDB1EB24EA2BD500EA27E7 /* LectureListViewModel.swift in Sources */,
				CFE4BD3D24EA1F78003762FF /* LectureListView.swift in Sources */,
				CF6E824124EA0C92001B6301 /* LectureRow.swift in Sources */,
			);
			runOnlyForDeploymentPostprocessing = 0;
		};
/* End PBXSourcesBuildPhase section */

/* Begin PBXVariantGroup section */
		CFF8AE2424E8F94A00677260 /* LaunchScreen.storyboard */ = {
			isa = PBXVariantGroup;
			children = (
				CFF8AE2524E8F94A00677260 /* Base */,
			);
			name = LaunchScreen.storyboard;
			sourceTree = "<group>";
		};
/* End PBXVariantGroup section */

/* Begin XCBuildConfiguration section */
		CFF8AE2824E8F94A00677260 /* Debug */ = {
			isa = XCBuildConfiguration;
			buildSettings = {
				ALWAYS_SEARCH_USER_PATHS = NO;
				CLANG_ANALYZER_NONNULL = YES;
				CLANG_ANALYZER_NUMBER_OBJECT_CONVERSION = YES_AGGRESSIVE;
				CLANG_CXX_LANGUAGE_STANDARD = "gnu++14";
				CLANG_CXX_LIBRARY = "libc++";
				CLANG_ENABLE_MODULES = YES;
				CLANG_ENABLE_OBJC_ARC = YES;
				CLANG_ENABLE_OBJC_WEAK = YES;
				CLANG_WARN_BLOCK_CAPTURE_AUTORELEASING = YES;
				CLANG_WARN_BOOL_CONVERSION = YES;
				CLANG_WARN_COMMA = YES;
				CLANG_WARN_CONSTANT_CONVERSION = YES;
				CLANG_WARN_DEPRECATED_OBJC_IMPLEMENTATIONS = YES;
				CLANG_WARN_DIRECT_OBJC_ISA_USAGE = YES_ERROR;
				CLANG_WARN_DOCUMENTATION_COMMENTS = YES;
				CLANG_WARN_EMPTY_BODY = YES;
				CLANG_WARN_ENUM_CONVERSION = YES;
				CLANG_WARN_INFINITE_RECURSION = YES;
				CLANG_WARN_INT_CONVERSION = YES;
				CLANG_WARN_NON_LITERAL_NULL_CONVERSION = YES;
				CLANG_WARN_OBJC_IMPLICIT_RETAIN_SELF = YES;
				CLANG_WARN_OBJC_LITERAL_CONVERSION = YES;
				CLANG_WARN_OBJC_ROOT_CLASS = YES_ERROR;
				CLANG_WARN_RANGE_LOOP_ANALYSIS = YES;
				CLANG_WARN_STRICT_PROTOTYPES = YES;
				CLANG_WARN_SUSPICIOUS_MOVE = YES;
				CLANG_WARN_UNGUARDED_AVAILABILITY = YES_AGGRESSIVE;
				CLANG_WARN_UNREACHABLE_CODE = YES;
				CLANG_WARN__DUPLICATE_METHOD_MATCH = YES;
				COPY_PHASE_STRIP = NO;
				DEBUG_INFORMATION_FORMAT = dwarf;
				ENABLE_STRICT_OBJC_MSGSEND = YES;
				ENABLE_TESTABILITY = YES;
				GCC_C_LANGUAGE_STANDARD = gnu11;
				GCC_DYNAMIC_NO_PIC = NO;
				GCC_NO_COMMON_BLOCKS = YES;
				GCC_OPTIMIZATION_LEVEL = 0;
				GCC_PREPROCESSOR_DEFINITIONS = (
					"DEBUG=1",
					"$(inherited)",
				);
				GCC_WARN_64_TO_32_BIT_CONVERSION = YES;
				GCC_WARN_ABOUT_RETURN_TYPE = YES_ERROR;
				GCC_WARN_UNDECLARED_SELECTOR = YES;
				GCC_WARN_UNINITIALIZED_AUTOS = YES_AGGRESSIVE;
				GCC_WARN_UNUSED_FUNCTION = YES;
				GCC_WARN_UNUSED_VARIABLE = YES;
				IPHONEOS_DEPLOYMENT_TARGET = 13.5;
				MTL_ENABLE_DEBUG_INFO = INCLUDE_SOURCE;
				MTL_FAST_MATH = YES;
				ONLY_ACTIVE_ARCH = YES;
				SDKROOT = iphoneos;
				SWIFT_ACTIVE_COMPILATION_CONDITIONS = DEBUG;
				SWIFT_OPTIMIZATION_LEVEL = "-Onone";
			};
			name = Debug;
		};
		CFF8AE2924E8F94A00677260 /* Release */ = {
			isa = XCBuildConfiguration;
			buildSettings = {
				ALWAYS_SEARCH_USER_PATHS = NO;
				CLANG_ANALYZER_NONNULL = YES;
				CLANG_ANALYZER_NUMBER_OBJECT_CONVERSION = YES_AGGRESSIVE;
				CLANG_CXX_LANGUAGE_STANDARD = "gnu++14";
				CLANG_CXX_LIBRARY = "libc++";
				CLANG_ENABLE_MODULES = YES;
				CLANG_ENABLE_OBJC_ARC = YES;
				CLANG_ENABLE_OBJC_WEAK = YES;
				CLANG_WARN_BLOCK_CAPTURE_AUTORELEASING = YES;
				CLANG_WARN_BOOL_CONVERSION = YES;
				CLANG_WARN_COMMA = YES;
				CLANG_WARN_CONSTANT_CONVERSION = YES;
				CLANG_WARN_DEPRECATED_OBJC_IMPLEMENTATIONS = YES;
				CLANG_WARN_DIRECT_OBJC_ISA_USAGE = YES_ERROR;
				CLANG_WARN_DOCUMENTATION_COMMENTS = YES;
				CLANG_WARN_EMPTY_BODY = YES;
				CLANG_WARN_ENUM_CONVERSION = YES;
				CLANG_WARN_INFINITE_RECURSION = YES;
				CLANG_WARN_INT_CONVERSION = YES;
				CLANG_WARN_NON_LITERAL_NULL_CONVERSION = YES;
				CLANG_WARN_OBJC_IMPLICIT_RETAIN_SELF = YES;
				CLANG_WARN_OBJC_LITERAL_CONVERSION = YES;
				CLANG_WARN_OBJC_ROOT_CLASS = YES_ERROR;
				CLANG_WARN_RANGE_LOOP_ANALYSIS = YES;
				CLANG_WARN_STRICT_PROTOTYPES = YES;
				CLANG_WARN_SUSPICIOUS_MOVE = YES;
				CLANG_WARN_UNGUARDED_AVAILABILITY = YES_AGGRESSIVE;
				CLANG_WARN_UNREACHABLE_CODE = YES;
				CLANG_WARN__DUPLICATE_METHOD_MATCH = YES;
				COPY_PHASE_STRIP = NO;
				DEBUG_INFORMATION_FORMAT = "dwarf-with-dsym";
				ENABLE_NS_ASSERTIONS = NO;
				ENABLE_STRICT_OBJC_MSGSEND = YES;
				GCC_C_LANGUAGE_STANDARD = gnu11;
				GCC_NO_COMMON_BLOCKS = YES;
				GCC_WARN_64_TO_32_BIT_CONVERSION = YES;
				GCC_WARN_ABOUT_RETURN_TYPE = YES_ERROR;
				GCC_WARN_UNDECLARED_SELECTOR = YES;
				GCC_WARN_UNINITIALIZED_AUTOS = YES_AGGRESSIVE;
				GCC_WARN_UNUSED_FUNCTION = YES;
				GCC_WARN_UNUSED_VARIABLE = YES;
				IPHONEOS_DEPLOYMENT_TARGET = 13.5;
				MTL_ENABLE_DEBUG_INFO = NO;
				MTL_FAST_MATH = YES;
				SDKROOT = iphoneos;
				SWIFT_COMPILATION_MODE = wholemodule;
				SWIFT_OPTIMIZATION_LEVEL = "-O";
				VALIDATE_PRODUCT = YES;
			};
			name = Release;
		};
		CFF8AE2B24E8F94A00677260 /* Debug */ = {
			isa = XCBuildConfiguration;
			buildSettings = {
				ASSETCATALOG_COMPILER_APPICON_NAME = AppIcon;
				CODE_SIGN_STYLE = Automatic;
				DEVELOPMENT_ASSET_PATHS = "\"TitechAppLite/Preview Content\"";
				ENABLE_PREVIEWS = YES;
				INFOPLIST_FILE = TitechAppLite/Info.plist;
				LD_RUNPATH_SEARCH_PATHS = (
					"$(inherited)",
					"@executable_path/Frameworks",
				);
				PRODUCT_BUNDLE_IDENTIFIER = "wistre.heath-6147.TitechAppLite";
				PRODUCT_NAME = "$(TARGET_NAME)";
				SWIFT_VERSION = 5.0;
				TARGETED_DEVICE_FAMILY = "1,2";
			};
			name = Debug;
		};
		CFF8AE2C24E8F94A00677260 /* Release */ = {
			isa = XCBuildConfiguration;
			buildSettings = {
				ASSETCATALOG_COMPILER_APPICON_NAME = AppIcon;
				CODE_SIGN_STYLE = Automatic;
				DEVELOPMENT_ASSET_PATHS = "\"TitechAppLite/Preview Content\"";
				ENABLE_PREVIEWS = YES;
				INFOPLIST_FILE = TitechAppLite/Info.plist;
				LD_RUNPATH_SEARCH_PATHS = (
					"$(inherited)",
					"@executable_path/Frameworks",
				);
				PRODUCT_BUNDLE_IDENTIFIER = "wistre.heath-6147.TitechAppLite";
				PRODUCT_NAME = "$(TARGET_NAME)";
				SWIFT_VERSION = 5.0;
				TARGETED_DEVICE_FAMILY = "1,2";
			};
			name = Release;
		};
/* End XCBuildConfiguration section */

/* Begin XCConfigurationList section */
		CFF8AE1124E8F94900677260 /* Build configuration list for PBXProject "TitechAppLite" */ = {
			isa = XCConfigurationList;
			buildConfigurations = (
				CFF8AE2824E8F94A00677260 /* Debug */,
				CFF8AE2924E8F94A00677260 /* Release */,
			);
			defaultConfigurationIsVisible = 0;
			defaultConfigurationName = Release;
		};
		CFF8AE2A24E8F94A00677260 /* Build configuration list for PBXNativeTarget "TitechAppLite" */ = {
			isa = XCConfigurationList;
			buildConfigurations = (
				CFF8AE2B24E8F94A00677260 /* Debug */,
				CFF8AE2C24E8F94A00677260 /* Release */,
			);
			defaultConfigurationIsVisible = 0;
			defaultConfigurationName = Release;
		};
/* End XCConfigurationList section */
	};
	rootObject = CFF8AE0E24E8F94900677260 /* Project object */;
}
